
Microsoft Visual Studio Solution File, Format Version 12.00
# Visual Studio Version 17
VisualStudioVersion = 17.0.32014.148
MinimumVisualStudioVersion = 10.0.40219.1
Project("{9A19103F-16F7-4668-BE54-9A1E7A4F7556}") = "MudFormBuilder", "FormBuilder\MudFormBuilder.csproj", "{876F01F4-08C6-4770-BAC5-BBC832F34D62}"
EndProject
Project("{9A19103F-16F7-4668-BE54-9A1E7A4F7556}") = "MudFormBuilder.Example", "MudFormBuilder.Example\MudFormBuilder.Example.csproj", "{FCA259EB-98C8-4540-9F0D-C31DC823851E}"
EndProject
Global
	GlobalSection(SolutionConfigurationPlatforms) = preSolution
		Debug|Any CPU = Debug|Any CPU
		Release|Any CPU = Release|Any CPU
	EndGlobalSection
	GlobalSection(ProjectConfigurationPlatforms) = postSolution
		{876F01F4-08C6-4770-BAC5-BBC832F34D62}.Debug|Any CPU.ActiveCfg = Debug|Any CPU
		{876F01F4-08C6-4770-BAC5-BBC832F34D62}.Debug|Any CPU.Build.0 = Debug|Any CPU
		{876F01F4-08C6-4770-BAC5-BBC832F34D62}.Release|Any CPU.ActiveCfg = Release|Any CPU
		{876F01F4-08C6-4770-BAC5-BBC832F34D62}.Release|Any CPU.Build.0 = Release|Any CPU
		{FCA259EB-98C8-4540-9F0D-C31DC823851E}.Debug|Any CPU.ActiveCfg = Debug|Any CPU
		{FCA259EB-98C8-4540-9F0D-C31DC823851E}.Debug|Any CPU.Build.0 = Debug|Any CPU
		{FCA259EB-98C8-4540-9F0D-C31DC823851E}.Release|Any CPU.ActiveCfg = Release|Any CPU
		{FCA259EB-98C8-4540-9F0D-C31DC823851E}.Release|Any CPU.Build.0 = Release|Any CPU
	EndGlobalSection
	GlobalSection(SolutionProperties) = preSolution
		HideSolutionNode = FALSE
	EndGlobalSection
	GlobalSection(ExtensibilityGlobals) = postSolution
		SolutionGuid = {8DAE483D-7155-44AF-BC44-887813203A78}
	EndGlobalSection
EndGlobal
